{
  "name": "inksite",
  "version": "0.1.0",
  "lockfileVersion": 3,
  "requires": true,
  "packages": {
    "": {
      "name": "inksite",
      "version": "0.1.0",
      "license": "AGPL-3.0",
      "dependencies": {
        "daisyui": "^5.0.0-beta.8"
      }
    },
    "node_modules/daisyui": {
      "version": "5.0.0-beta.8",
      "resolved": "https://registry.npmjs.org/daisyui/-/daisyui-5.0.0-beta.8.tgz",
      "integrity": "sha512-jSokqm5i+Pv1jG80wliNzMHjmcF+iMx5xRUpk0/QExVoVNyQNWeCsaWJQubPvUq7bt9nzSsQTR2uIZBoyIIoaA==",
      "license": "MIT",
      "funding": {
        "url": "https://github.com/saadeghi/daisyui?sponsor=1"
      }
    }
  }
}
